// !$*UTF8*$!
{
	archiveVersion = 1;
	classes = {
	};
	objectVersion = 50;
	objects = {

/* Begin PBXBuildFile section */
		8457ECC2235EE578003116AA /* AppDelegate.swift in Sources */ = {isa = PBXBuildFile; fileRef = 8457ECC1235EE578003116AA /* AppDelegate.swift */; };
		8457ECC4235EE578003116AA /* SceneDelegate.swift in Sources */ = {isa = PBXBuildFile; fileRef = 8457ECC3235EE578003116AA /* SceneDelegate.swift */; };
		8457ECC6235EE578003116AA /* ContentView.swift in Sources */ = {isa = PBXBuildFile; fileRef = 8457ECC5235EE578003116AA /* ContentView.swift */; };
		8457ECC8235EE57D003116AA /* Assets.xcassets in Resources */ = {isa = PBXBuildFile; fileRef = 8457ECC7235EE57D003116AA /* Assets.xcassets */; };
		8457ECCB235EE57D003116AA /* Preview Assets.xcassets in Resources */ = {isa = PBXBuildFile; fileRef = 8457ECCA235EE57D003116AA /* Preview Assets.xcassets */; };
		8457ECCE235EE57D003116AA /* LaunchScreen.storyboard in Resources */ = {isa = PBXBuildFile; fileRef = 8457ECCC235EE57D003116AA /* LaunchScreen.storyboard */; };
		8457ECD9235EE57D003116AA /* FHCreativeTests.swift in Sources */ = {isa = PBXBuildFile; fileRef = 8457ECD8235EE57D003116AA /* FHCreativeTests.swift */; };
		8457ECE4235EE57D003116AA /* FHCreativeUITests.swift in Sources */ = {isa = PBXBuildFile; fileRef = 8457ECE3235EE57D003116AA /* FHCreativeUITests.swift */; };
/* End PBXBuildFile section */

/* Begin PBXContainerItemProxy section */
		8457ECD5235EE57D003116AA /* PBXContainerItemProxy */ = {
			isa = PBXContainerItemProxy;
			containerPortal = 8457ECB6235EE578003116AA /* Project object */;
			proxyType = 1;
			remoteGlobalIDString = 8457ECBD235EE578003116AA;
			remoteInfo = FHCreative;
		};
		8457ECE0235EE57D003116AA /* PBXContainerItemProxy */ = {
			isa = PBXContainerItemProxy;
			containerPortal = 8457ECB6235EE578003116AA /* Project object */;
			proxyType = 1;
			remoteGlobalIDString = 8457ECBD235EE578003116AA;
			remoteInfo = FHCreative;
		};
/* End PBXContainerItemProxy section */

/* Begin PBXFileReference section */
		8457ECBE235EE578003116AA /* FHCreative.app */ = {isa = PBXFileReference; explicitFileType = wrapper.application; includeInIndex = 0; path = FHCreative.app; sourceTree = BUILT_PRODUCTS_DIR; };
		8457ECC1235EE578003116AA /* AppDelegate.swift */ = {isa = PBXFileReference; lastKnownFileType = sourcecode.swift; path = AppDelegate.swift; sourceTree = "<group>"; };
		8457ECC3235EE578003116AA /* SceneDelegate.swift */ = {isa = PBXFileReference; lastKnownFileType = sourcecode.swift; path = SceneDelegate.swift; sourceTree = "<group>"; };
		8457ECC5235EE578003116AA /* ContentView.swift */ = {isa = PBXFileReference; lastKnownFileType = sourcecode.swift; path = ContentView.swift; sourceTree = "<group>"; };
		8457ECC7235EE57D003116AA /* Assets.xcassets */ = {isa = PBXFileReference; lastKnownFileType = folder.assetcatalog; path = Assets.xcassets; sourceTree = "<group>"; };
		8457ECCA235EE57D003116AA /* Preview Assets.xcassets */ = {isa = PBXFileReference; lastKnownFileType = folder.assetcatalog; path = "Preview Assets.xcassets"; sourceTree = "<group>"; };
		8457ECCD235EE57D003116AA /* Base */ = {isa = PBXFileReference; lastKnownFileType = file.storyboard; name = Base; path = Base.lproj/LaunchScreen.storyboard; sourceTree = "<group>"; };
		8457ECCF235EE57D003116AA /* Info.plist */ = {isa = PBXFileReference; lastKnownFileType = text.plist.xml; path = Info.plist; sourceTree = "<group>"; };
		8457ECD4235EE57D003116AA /* FHCreativeTests.xctest */ = {isa = PBXFileReference; explicitFileType = wrapper.cfbundle; includeInIndex = 0; path = FHCreativeTests.xctest; sourceTree = BUILT_PRODUCTS_DIR; };
		8457ECD8235EE57D003116AA /* FHCreativeTests.swift */ = {isa = PBXFileReference; lastKnownFileType = sourcecode.swift; path = FHCreativeTests.swift; sourceTree = "<group>"; };
		8457ECDA235EE57D003116AA /* Info.plist */ = {isa = PBXFileReference; lastKnownFileType = text.plist.xml; path = Info.plist; sourceTree = "<group>"; };
		8457ECDF235EE57D003116AA /* FHCreativeUITests.xctest */ = {isa = PBXFileReference; explicitFileType = wrapper.cfbundle; includeInIndex = 0; path = FHCreativeUITests.xctest; sourceTree = BUILT_PRODUCTS_DIR; };
		8457ECE3235EE57D003116AA /* FHCreativeUITests.swift */ = {isa = PBXFileReference; lastKnownFileType = sourcecode.swift; path = FHCreativeUITests.swift; sourceTree = "<group>"; };
		8457ECE5235EE57D003116AA /* Info.plist */ = {isa = PBXFileReference; lastKnownFileType = text.plist.xml; path = Info.plist; sourceTree = "<group>"; };
/* End PBXFileReference section */

/* Begin PBXFrameworksBuildPhase section */
		8457ECBB235EE578003116AA /* Frameworks */ = {
			isa = PBXFrameworksBuildPhase;
			buildActionMask = 2147483647;
			files = (
			);
			runOnlyForDeploymentPostprocessing = 0;
		};
		8457ECD1235EE57D003116AA /* Frameworks */ = {
			isa = PBXFrameworksBuildPhase;
			buildActionMask = 2147483647;
			files = (
			);
			runOnlyForDeploymentPostprocessing = 0;
		};
		8457ECDC235EE57D003116AA /* Frameworks */ = {
			isa = PBXFrameworksBuildPhase;
			buildActionMask = 2147483647;
			files = (
			);
			runOnlyForDeploymentPostprocessing = 0;
		};
/* End PBXFrameworksBuildPhase section */

/* Begin PBXGroup section */
		8457ECB5235EE578003116AA = {
			isa = PBXGroup;
			children = (
				8457ECC0235EE578003116AA /* FHCreative */,
				8457ECD7235EE57D003116AA /* FHCreativeTests */,
				8457ECE2235EE57D003116AA /* FHCreativeUITests */,
				8457ECBF235EE578003116AA /* Products */,
			);
			sourceTree = "<group>";
		};
		8457ECBF235EE578003116AA /* Products */ = {
			isa = PBXGroup;
			children = (
				8457ECBE235EE578003116AA /* FHCreative.app */,
				8457ECD4235EE57D003116AA /* FHCreativeTests.xctest */,
				8457ECDF235EE57D003116AA /* FHCreativeUITests.xctest */,
			);
			name = Products;
			sourceTree = "<group>";
		};
		8457ECC0235EE578003116AA /* FHCreative */ = {
			isa = PBXGroup;
			children = (
				8457ECC1235EE578003116AA /* AppDelegate.swift */,
				8457ECC3235EE578003116AA /* SceneDelegate.swift */,
				8457ECC5235EE578003116AA /* ContentView.swift */,
				8457ECC7235EE57D003116AA /* Assets.xcassets */,
				8457ECCC235EE57D003116AA /* LaunchScreen.storyboard */,
				8457ECCF235EE57D003116AA /* Info.plist */,
				8457ECC9235EE57D003116AA /* Preview Content */,
			);
			path = FHCreative;
			sourceTree = "<group>";
		};
		8457ECC9235EE57D003116AA /* Preview Content */ = {
			isa = PBXGroup;
			children = (
				8457ECCA235EE57D003116AA /* Preview Assets.xcassets */,
			);
			path = "Preview Content";
			sourceTree = "<group>";
		};
		8457ECD7235EE57D003116AA /* FHCreativeTests */ = {
			isa = PBXGroup;
			children = (
				8457ECD8235EE57D003116AA /* FHCreativeTests.swift */,
				8457ECDA235EE57D003116AA /* Info.plist */,
			);
			path = FHCreativeTests;
			sourceTree = "<group>";
		};
		8457ECE2235EE57D003116AA /* FHCreativeUITests */ = {
			isa = PBXGroup;
			children = (
				8457ECE3235EE57D003116AA /* FHCreativeUITests.swift */,
				8457ECE5235EE57D003116AA /* Info.plist */,
			);
			path = FHCreativeUITests;
			sourceTree = "<group>";
		};
/* End PBXGroup section */

/* Begin PBXNativeTarget section */
		8457ECBD235EE578003116AA /* FHCreative */ = {
			isa = PBXNativeTarget;
			buildConfigurationList = 8457ECE8235EE57D003116AA /* Build configuration list for PBXNativeTarget "FHCreative" */;
			buildPhases = (
				8457ECBA235EE578003116AA /* Sources */,
				8457ECBB235EE578003116AA /* Frameworks */,
				8457ECBC235EE578003116AA /* Resources */,
			);
			buildRules = (
			);
			dependencies = (
			);
			name = FHCreative;
			productName = FHCreative;
			productReference = 8457ECBE235EE578003116AA /* FHCreative.app */;
			productType = "com.apple.product-type.application";
		};
		8457ECD3235EE57D003116AA /* FHCreativeTests */ = {
			isa = PBXNativeTarget;
			buildConfigurationList = 8457ECEB235EE57D003116AA /* Build configuration list for PBXNativeTarget "FHCreativeTests" */;
			buildPhases = (
				8457ECD0235EE57D003116AA /* Sources */,
				8457ECD1235EE57D003116AA /* Frameworks */,
				8457ECD2235EE57D003116AA /* Resources */,
			);
			buildRules = (
			);
			dependencies = (
				8457ECD6235EE57D003116AA /* PBXTargetDependency */,
			);
			name = FHCreativeTests;
			productName = FHCreativeTests;
			productReference = 8457ECD4235EE57D003116AA /* FHCreativeTests.xctest */;
			productType = "com.apple.product-type.bundle.unit-test";
		};
		8457ECDE235EE57D003116AA /* FHCreativeUITests */ = {
			isa = PBXNativeTarget;
			buildConfigurationList = 8457ECEE235EE57D003116AA /* Build configuration list for PBXNativeTarget "FHCreativeUITests" */;
			buildPhases = (
				8457ECDB235EE57D003116AA /* Sources */,
				8457ECDC235EE57D003116AA /* Frameworks */,
				8457ECDD235EE57D003116AA /* Resources */,
			);
			buildRules = (
			);
			dependencies = (
				8457ECE1235EE57D003116AA /* PBXTargetDependency */,
			);
			name = FHCreativeUITests;
			productName = FHCreativeUITests;
			productReference = 8457ECDF235EE57D003116AA /* FHCreativeUITests.xctest */;
			productType = "com.apple.product-type.bundle.ui-testing";
		};
/* End PBXNativeTarget section */

/* Begin PBXProject section */
		8457ECB6235EE578003116AA /* Project object */ = {
			isa = PBXProject;
			attributes = {
				LastSwiftUpdateCheck = 1120;
				LastUpgradeCheck = 1120;
				ORGANIZATIONNAME = MontiRed;
				TargetAttributes = {
					8457ECBD235EE578003116AA = {
						CreatedOnToolsVersion = 11.2;
					};
					8457ECD3235EE57D003116AA = {
						CreatedOnToolsVersion = 11.2;
						TestTargetID = 8457ECBD235EE578003116AA;
					};
					8457ECDE235EE57D003116AA = {
						CreatedOnToolsVersion = 11.2;
						TestTargetID = 8457ECBD235EE578003116AA;
					};
				};
			};
			buildConfigurationList = 8457ECB9235EE578003116AA /* Build configuration list for PBXProject "FHCreative" */;
			compatibilityVersion = "Xcode 9.3";
			developmentRegion = en;
			hasScannedForEncodings = 0;
			knownRegions = (
				en,
				Base,
			);
			mainGroup = 8457ECB5235EE578003116AA;
			productRefGroup = 8457ECBF235EE578003116AA /* Products */;
			projectDirPath = "";
			projectRoot = "";
			targets = (
				8457ECBD235EE578003116AA /* FHCreative */,
				8457ECD3235EE57D003116AA /* FHCreativeTests */,
				8457ECDE235EE57D003116AA /* FHCreativeUITests */,
			);
		};
/* End PBXProject section */

/* Begin PBXResourcesBuildPhase section */
		8457ECBC235EE578003116AA /* Resources */ = {
			isa = PBXResourcesBuildPhase;
			buildActionMask = 2147483647;
			files = (
				8457ECCE235EE57D003116AA /* LaunchScreen.storyboard in Resources */,
				8457ECCB235EE57D003116AA /* Preview Assets.xcassets in Resources */,
				8457ECC8235EE57D003116AA /* Assets.xcassets in Resources */,
			);
			runOnlyForDeploymentPostprocessing = 0;
		};
		8457ECD2235EE57D003116AA /* Resources */ = {
			isa = PBXResourcesBuildPhase;
			buildActionMask = 2147483647;
			files = (
			);
			runOnlyForDeploymentPostprocessing = 0;
		};
		8457ECDD235EE57D003116AA /* Resources */ = {
			isa = PBXResourcesBuildPhase;
			buildActionMask = 2147483647;
			files = (
			);
			runOnlyForDeploymentPostprocessing = 0;
		};
/* End PBXResourcesBuildPhase section */

/* Begin PBXSourcesBuildPhase section */
		8457ECBA235EE578003116AA /* Sources */ = {
			isa = PBXSourcesBuildPhase;
			buildActionMask = 2147483647;
			files = (
				8457ECC2235EE578003116AA /* AppDelegate.swift in Sources */,
				8457ECC4235EE578003116AA /* SceneDelegate.swift in Sources */,
				8457ECC6235EE578003116AA /* ContentView.swift in Sources */,
			);
			runOnlyForDeploymentPostprocessing = 0;
		};
		8457ECD0235EE57D003116AA /* Sources */ = {
			isa = PBXSourcesBuildPhase;
			buildActionMask = 2147483647;
			files = (
				8457ECD9235EE57D003116AA /* FHCreativeTests.swift in Sources */,
			);
			runOnlyForDeploymentPostprocessing = 0;
		};
		8457ECDB235EE57D003116AA /* Sources */ = {
			isa = PBXSourcesBuildPhase;
			buildActionMask = 2147483647;
			files = (
				8457ECE4235EE57D003116AA /* FHCreativeUITests.swift in Sources */,
			);
			runOnlyForDeploymentPostprocessing = 0;
		};
/* End PBXSourcesBuildPhase section */

/* Begin PBXTargetDependency section */
		8457ECD6235EE57D003116AA /* PBXTargetDependency */ = {
			isa = PBXTargetDependency;
			target = 8457ECBD235EE578003116AA /* FHCreative */;
			targetProxy = 8457ECD5235EE57D003116AA /* PBXContainerItemProxy */;
		};
		8457ECE1235EE57D003116AA /* PBXTargetDependency */ = {
			isa = PBXTargetDependency;
			target = 8457ECBD235EE578003116AA /* FHCreative */;
			targetProxy = 8457ECE0235EE57D003116AA /* PBXContainerItemProxy */;
		};
/* End PBXTargetDependency section */

/* Begin PBXVariantGroup section */
		8457ECCC235EE57D003116AA /* LaunchScreen.storyboard */ = {
			isa = PBXVariantGroup;
			children = (
				8457ECCD235EE57D003116AA /* Base */,
			);
			name = LaunchScreen.storyboard;
			sourceTree = "<group>";
		};
/* End PBXVariantGroup section */

/* Begin XCBuildConfiguration section */
		8457ECE6235EE57D003116AA /* Debug */ = {
			isa = XCBuildConfiguration;
			buildSettings = {
				ALWAYS_SEARCH_USER_PATHS = NO;
				CLANG_ANALYZER_NONNULL = YES;
				CLANG_ANALYZER_NUMBER_OBJECT_CONVERSION = YES_AGGRESSIVE;
				CLANG_CXX_LANGUAGE_STANDARD = "gnu++14";
				CLANG_CXX_LIBRARY = "libc++";
				CLANG_ENABLE_MODULES = YES;
				CLANG_ENABLE_OBJC_ARC = YES;
				CLANG_ENABLE_OBJC_WEAK = YES;
				CLANG_WARN_BLOCK_CAPTURE_AUTORELEASING = YES;
				CLANG_WARN_BOOL_CONVERSION = YES;
				CLANG_WARN_COMMA = YES;
				CLANG_WARN_CONSTANT_CONVERSION = YES;
				CLANG_WARN_DEPRECATED_OBJC_IMPLEMENTATIONS = YES;
				CLANG_WARN_DIRECT_OBJC_ISA_USAGE = YES_ERROR;
				CLANG_WARN_DOCUMENTATION_COMMENTS = YES;
				CLANG_WARN_EMPTY_BODY = YES;
				CLANG_WARN_ENUM_CONVERSION = YES;
				CLANG_WARN_INFINITE_RECURSION = YES;
				CLANG_WARN_INT_CONVERSION = YES;
				CLANG_WARN_NON_LITERAL_NULL_CONVERSION = YES;
				CLANG_WARN_OBJC_IMPLICIT_RETAIN_SELF = YES;
				CLANG_WARN_OBJC_LITERAL_CONVERSION = YES;
				CLANG_WARN_OBJC_ROOT_CLASS = YES_ERROR;
				CLANG_WARN_RANGE_LOOP_ANALYSIS = YES;
				CLANG_WARN_STRICT_PROTOTYPES = YES;
				CLANG_WARN_SUSPICIOUS_MOVE = YES;
				CLANG_WARN_UNGUARDED_AVAILABILITY = YES_AGGRESSIVE;
				CLANG_WARN_UNREACHABLE_CODE = YES;
				CLANG_WARN__DUPLICATE_METHOD_MATCH = YES;
				COPY_PHASE_STRIP = NO;
				DEBUG_INFORMATION_FORMAT = dwarf;
				ENABLE_STRICT_OBJC_MSGSEND = YES;
				ENABLE_TESTABILITY = YES;
				GCC_C_LANGUAGE_STANDARD = gnu11;
				GCC_DYNAMIC_NO_PIC = NO;
				GCC_NO_COMMON_BLOCKS = YES;
				GCC_OPTIMIZATION_LEVEL = 0;
				GCC_PREPROCESSOR_DEFINITIONS = (
					"DEBUG=1",
					"$(inherited)",
				);
				GCC_WARN_64_TO_32_BIT_CONVERSION = YES;
				GCC_WARN_ABOUT_RETURN_TYPE = YES_ERROR;
				GCC_WARN_UNDECLARED_SELECTOR = YES;
				GCC_WARN_UNINITIALIZED_AUTOS = YES_AGGRESSIVE;
				GCC_WARN_UNUSED_FUNCTION = YES;
				GCC_WARN_UNUSED_VARIABLE = YES;
				IPHONEOS_DEPLOYMENT_TARGET = 13.2;
				MTL_ENABLE_DEBUG_INFO = INCLUDE_SOURCE;
				MTL_FAST_MATH = YES;
				ONLY_ACTIVE_ARCH = YES;
				SDKROOT = iphoneos;
				SWIFT_ACTIVE_COMPILATION_CONDITIONS = DEBUG;
				SWIFT_OPTIMIZATION_LEVEL = "-Onone";
			};
			name = Debug;
		};
		8457ECE7235EE57D003116AA /* Release */ = {
			isa = XCBuildConfiguration;
			buildSettings = {
				ALWAYS_SEARCH_USER_PATHS = NO;
				CLANG_ANALYZER_NONNULL = YES;
				CLANG_ANALYZER_NUMBER_OBJECT_CONVERSION = YES_AGGRESSIVE;
				CLANG_CXX_LANGUAGE_STANDARD = "gnu++14";
				CLANG_CXX_LIBRARY = "libc++";
				CLANG_ENABLE_MODULES = YES;
				CLANG_ENABLE_OBJC_ARC = YES;
				CLANG_ENABLE_OBJC_WEAK = YES;
				CLANG_WARN_BLOCK_CAPTURE_AUTORELEASING = YES;
				CLANG_WARN_BOOL_CONVERSION = YES;
				CLANG_WARN_COMMA = YES;
				CLANG_WARN_CONSTANT_CONVERSION = YES;
				CLANG_WARN_DEPRECATED_OBJC_IMPLEMENTATIONS = YES;
				CLANG_WARN_DIRECT_OBJC_ISA_USAGE = YES_ERROR;
				CLANG_WARN_DOCUMENTATION_COMMENTS = YES;
				CLANG_WARN_EMPTY_BODY = YES;
				CLANG_WARN_ENUM_CONVERSION = YES;
				CLANG_WARN_INFINITE_RECURSION = YES;
				CLANG_WARN_INT_CONVERSION = YES;
				CLANG_WARN_NON_LITERAL_NULL_CONVERSION = YES;
				CLANG_WARN_OBJC_IMPLICIT_RETAIN_SELF = YES;
				CLANG_WARN_OBJC_LITERAL_CONVERSION = YES;
				CLANG_WARN_OBJC_ROOT_CLASS = YES_ERROR;
				CLANG_WARN_RANGE_LOOP_ANALYSIS = YES;
				CLANG_WARN_STRICT_PROTOTYPES = YES;
				CLANG_WARN_SUSPICIOUS_MOVE = YES;
				CLANG_WARN_UNGUARDED_AVAILABILITY = YES_AGGRESSIVE;
				CLANG_WARN_UNREACHABLE_CODE = YES;
				CLANG_WARN__DUPLICATE_METHOD_MATCH = YES;
				COPY_PHASE_STRIP = NO;
				DEBUG_INFORMATION_FORMAT = "dwarf-with-dsym";
				ENABLE_NS_ASSERTIONS = NO;
				ENABLE_STRICT_OBJC_MSGSEND = YES;
				GCC_C_LANGUAGE_STANDARD = gnu11;
				GCC_NO_COMMON_BLOCKS = YES;
				GCC_WARN_64_TO_32_BIT_CONVERSION = YES;
				GCC_WARN_ABOUT_RETURN_TYPE = YES_ERROR;
				GCC_WARN_UNDECLARED_SELECTOR = YES;
				GCC_WARN_UNINITIALIZED_AUTOS = YES_AGGRESSIVE;
				GCC_WARN_UNUSED_FUNCTION = YES;
				GCC_WARN_UNUSED_VARIABLE = YES;
				IPHONEOS_DEPLOYMENT_TARGET = 13.2;
				MTL_ENABLE_DEBUG_INFO = NO;
				MTL_FAST_MATH = YES;
				SDKROOT = iphoneos;
				SWIFT_COMPILATION_MODE = wholemodule;
				SWIFT_OPTIMIZATION_LEVEL = "-O";
				VALIDATE_PRODUCT = YES;
			};
			name = Release;
		};
		8457ECE9235EE57D003116AA /* Debug */ = {
			isa = XCBuildConfiguration;
			buildSettings = {
				ASSETCATALOG_COMPILER_APPICON_NAME = AppIcon;
				CODE_SIGN_STYLE = Automatic;
				DEVELOPMENT_ASSET_PATHS = "\"FHCreative/Preview Content\"";
				ENABLE_PREVIEWS = YES;
				INFOPLIST_FILE = FHCreative/Info.plist;
				LD_RUNPATH_SEARCH_PATHS = (
					"$(inherited)",
					"@executable_path/Frameworks",
				);
				PRODUCT_BUNDLE_IDENTIFIER = com.MontiRed.FHCreative;
				PRODUCT_NAME = "$(TARGET_NAME)";
				SWIFT_VERSION = 5.0;
				TARGETED_DEVICE_FAMILY = "1,2";
			};
			name = Debug;
		};
		8457ECEA235EE57D003116AA /* Release */ = {
			isa = XCBuildConfiguration;
			buildSettings = {
				ASSETCATALOG_COMPILER_APPICON_NAME = AppIcon;
				CODE_SIGN_STYLE = Automatic;
				DEVELOPMENT_ASSET_PATHS = "\"FHCreative/Preview Content\"";
				ENABLE_PREVIEWS = YES;
				INFOPLIST_FILE = FHCreative/Info.plist;
				LD_RUNPATH_SEARCH_PATHS = (
					"$(inherited)",
					"@executable_path/Frameworks",
				);
				PRODUCT_BUNDLE_IDENTIFIER = com.MontiRed.FHCreative;
				PRODUCT_NAME = "$(TARGET_NAME)";
				SWIFT_VERSION = 5.0;
				TARGETED_DEVICE_FAMILY = "1,2";
			};
			name = Release;
		};
		8457ECEC235EE57D003116AA /* Debug */ = {
			isa = XCBuildConfiguration;
			buildSettings = {
				ALWAYS_EMBED_SWIFT_STANDARD_LIBRARIES = YES;
				BUNDLE_LOADER = "$(TEST_HOST)";
				CODE_SIGN_STYLE = Automatic;
				INFOPLIST_FILE = FHCreativeTests/Info.plist;
				IPHONEOS_DEPLOYMENT_TARGET = 13.2;
				LD_RUNPATH_SEARCH_PATHS = (
					"$(inherited)",
					"@executable_path/Frameworks",
					"@loader_path/Frameworks",
				);
				PRODUCT_BUNDLE_IDENTIFIER = com.MontiRed.FHCreativeTests;
				PRODUCT_NAME = "$(TARGET_NAME)";
				SWIFT_VERSION = 5.0;
				TARGETED_DEVICE_FAMILY = "1,2";
				TEST_HOST = "$(BUILT_PRODUCTS_DIR)/FHCreative.app/FHCreative";
			};
			name = Debug;
		};
		8457ECED235EE57D003116AA /* Release */ = {
			isa = XCBuildConfiguration;
			buildSettings = {
				ALWAYS_EMBED_SWIFT_STANDARD_LIBRARIES = YES;
				BUNDLE_LOADER = "$(TEST_HOST)";
				CODE_SIGN_STYLE = Automatic;
				INFOPLIST_FILE = FHCreativeTests/Info.plist;
				IPHONEOS_DEPLOYMENT_TARGET = 13.2;
				LD_RUNPATH_SEARCH_PATHS = (
					"$(inherited)",
					"@executable_path/Frameworks",
					"@loader_path/Frameworks",
				);
				PRODUCT_BUNDLE_IDENTIFIER = com.MontiRed.FHCreativeTests;
				PRODUCT_NAME = "$(TARGET_NAME)";
				SWIFT_VERSION = 5.0;
				TARGETED_DEVICE_FAMILY = "1,2";
				TEST_HOST = "$(BUILT_PRODUCTS_DIR)/FHCreative.app/FHCreative";
			};
			name = Release;
		};
		8457ECEF235EE57D003116AA /* Debug */ = {
			isa = XCBuildConfiguration;
			buildSettings = {
				ALWAYS_EMBED_SWIFT_STANDARD_LIBRARIES = YES;
				CODE_SIGN_STYLE = Automatic;
				INFOPLIST_FILE = FHCreativeUITests/Info.plist;
				LD_RUNPATH_SEARCH_PATHS = (
					"$(inherited)",
					"@executable_path/Frameworks",
					"@loader_path/Frameworks",
				);
				PRODUCT_BUNDLE_IDENTIFIER = com.MontiRed.FHCreativeUITests;
				PRODUCT_NAME = "$(TARGET_NAME)";
				SWIFT_VERSION = 5.0;
				TARGETED_DEVICE_FAMILY = "1,2";
				TEST_TARGET_NAME = FHCreative;
			};
			name = Debug;
		};
		8457ECF0235EE57D003116AA /* Release */ = {
			isa = XCBuildConfiguration;
			buildSettings = {
				ALWAYS_EMBED_SWIFT_STANDARD_LIBRARIES = YES;
				CODE_SIGN_STYLE = Automatic;
				INFOPLIST_FILE = FHCreativeUITests/Info.plist;
				LD_RUNPATH_SEARCH_PATHS = (
					"$(inherited)",
					"@executable_path/Frameworks",
					"@loader_path/Frameworks",
				);
				PRODUCT_BUNDLE_IDENTIFIER = com.MontiRed.FHCreativeUITests;
				PRODUCT_NAME = "$(TARGET_NAME)";
				SWIFT_VERSION = 5.0;
				TARGETED_DEVICE_FAMILY = "1,2";
				TEST_TARGET_NAME = FHCreative;
			};
			name = Release;
		};
/* End XCBuildConfiguration section */

/* Begin XCConfigurationList section */
		8457ECB9235EE578003116AA /* Build configuration list for PBXProject "FHCreative" */ = {
			isa = XCConfigurationList;
			buildConfigurations = (
				8457ECE6235EE57D003116AA /* Debug */,
				8457ECE7235EE57D003116AA /* Release */,
			);
			defaultConfigurationIsVisible = 0;
			defaultConfigurationName = Release;
		};
		8457ECE8235EE57D003116AA /* Build configuration list for PBXNativeTarget "FHCreative" */ = {
			isa = XCConfigurationList;
			buildConfigurations = (
				8457ECE9235EE57D003116AA /* Debug */,
				8457ECEA235EE57D003116AA /* Release */,
			);
			defaultConfigurationIsVisible = 0;
			defaultConfigurationName = Release;
		};
		8457ECEB235EE57D003116AA /* Build configuration list for PBXNativeTarget "FHCreativeTests" */ = {
			isa = XCConfigurationList;
			buildConfigurations = (
				8457ECEC235EE57D003116AA /* Debug */,
				8457ECED235EE57D003116AA /* Release */,
			);
			defaultConfigurationIsVisible = 0;
			defaultConfigurationName = Release;
		};
		8457ECEE235EE57D003116AA /* Build configuration list for PBXNativeTarget "FHCreativeUITests" */ = {
			isa = XCConfigurationList;
			buildConfigurations = (
				8457ECEF235EE57D003116AA /* Debug */,
				8457ECF0235EE57D003116AA /* Release */,
			);
			defaultConfigurationIsVisible = 0;
			defaultConfigurationName = Release;
		};
/* End XCConfigurationList section */
	};
	rootObject = 8457ECB6235EE578003116AA /* Project object */;
}
